// !$*UTF8*$!
{
	archiveVersion = 1;
	classes = {
	};
	objectVersion = 46;
	objects = {

/* Begin PBXBuildFile section */
		C7BDC47B1E4ADB2D004372DE /* AppDelegate.swift in Sources */ = {isa = PBXBuildFile; fileRef = C7BDC47A1E4ADB2D004372DE /* AppDelegate.swift */; };
		C7BDC47D1E4ADB2D004372DE /* ViewController.swift in Sources */ = {isa = PBXBuildFile; fileRef = C7BDC47C1E4ADB2D004372DE /* ViewController.swift */; };
		C7BDC4801E4ADB2D004372DE /* Main.storyboard in Resources */ = {isa = PBXBuildFile; fileRef = C7BDC47E1E4ADB2D004372DE /* Main.storyboard */; };
		C7BDC4821E4ADB2D004372DE /* Assets.xcassets in Resources */ = {isa = PBXBuildFile; fileRef = C7BDC4811E4ADB2D004372DE /* Assets.xcassets */; };
		C7BDC4851E4ADB2D004372DE /* LaunchScreen.storyboard in Resources */ = {isa = PBXBuildFile; fileRef = C7BDC4831E4ADB2D004372DE /* LaunchScreen.storyboard */; };
/* End PBXBuildFile section */

/* Begin PBXFileReference section */
		C7BDC4771E4ADB2C004372DE /* mo3.zing.app */ = {isa = PBXFileReference; explicitFileType = wrapper.application; includeInIndex = 0; path = mo3.zing.app; sourceTree = BUILT_PRODUCTS_DIR; };
		C7BDC47A1E4ADB2D004372DE /* AppDelegate.swift */ = {isa = PBXFileReference; lastKnownFileType = sourcecode.swift; path = AppDelegate.swift; sourceTree = "<group>"; };
		C7BDC47C1E4ADB2D004372DE /* ViewController.swift */ = {isa = PBXFileReference; lastKnownFileType = sourcecode.swift; path = ViewController.swift; sourceTree = "<group>"; };
		C7BDC47F1E4ADB2D004372DE /* Base */ = {isa = PBXFileReference; lastKnownFileType = file.storyboard; name = Base; path = Base.lproj/Main.storyboard; sourceTree = "<group>"; };
		C7BDC4811E4ADB2D004372DE /* Assets.xcassets */ = {isa = PBXFileReference; lastKnownFileType = folder.assetcatalog; path = Assets.xcassets; sourceTree = "<group>"; };
		C7BDC4841E4ADB2D004372DE /* Base */ = {isa = PBXFileReference; lastKnownFileType = file.storyboard; name = Base; path = Base.lproj/LaunchScreen.storyboard; sourceTree = "<group>"; };
		C7BDC4861E4ADB2D004372DE /* Info.plist */ = {isa = PBXFileReference; lastKnownFileType = text.plist.xml; path = Info.plist; sourceTree = "<group>"; };
/* End PBXFileReference section */

/* Begin PBXFrameworksBuildPhase section */
		C7BDC4741E4ADB2C004372DE /* Frameworks */ = {
			isa = PBXFrameworksBuildPhase;
			buildActionMask = 2147483647;
			files = (
			);
			runOnlyForDeploymentPostprocessing = 0;
		};
/* End PBXFrameworksBuildPhase section */

/* Begin PBXGroup section */
		C7BDC46E1E4ADB2C004372DE = {
			isa = PBXGroup;
			children = (
				C7BDC4791E4ADB2C004372DE /* mo3.zing */,
				C7BDC4781E4ADB2C004372DE /* Products */,
			);
			sourceTree = "<group>";
		};
		C7BDC4781E4ADB2C004372DE /* Products */ = {
			isa = PBXGroup;
			children = (
				C7BDC4771E4ADB2C004372DE /* mo3.zing.app */,
			);
			name = Products;
			sourceTree = "<group>";
		};
		C7BDC4791E4ADB2C004372DE /* mo3.zing */ = {
			isa = PBXGroup;
			children = (
				C7BDC47A1E4ADB2D004372DE /* AppDelegate.swift */,
				C7BDC47C1E4ADB2D004372DE /* ViewController.swift */,
				C7BDC47E1E4ADB2D004372DE /* Main.storyboard */,
				C7BDC4811E4ADB2D004372DE /* Assets.xcassets */,
				C7BDC4831E4ADB2D004372DE /* LaunchScreen.storyboard */,
				C7BDC4861E4ADB2D004372DE /* Info.plist */,
			);
			path = mo3.zing;
			sourceTree = "<group>";
		};
/* End PBXGroup section */

/* Begin PBXNativeTarget section */
		C7BDC4761E4ADB2C004372DE /* mo3.zing */ = {
			isa = PBXNativeTarget;
			buildConfigurationList = C7BDC4891E4ADB2D004372DE /* Build configuration list for PBXNativeTarget "mo3.zing" */;
			buildPhases = (
				C7BDC4731E4ADB2C004372DE /* Sources */,
				C7BDC4741E4ADB2C004372DE /* Frameworks */,
				C7BDC4751E4ADB2C004372DE /* Resources */,
			);
			buildRules = (
			);
			dependencies = (
			);
			name = mo3.zing;
			productName = mo3.zing;
			productReference = C7BDC4771E4ADB2C004372DE /* mo3.zing.app */;
			productType = "com.apple.product-type.application";
		};
/* End PBXNativeTarget section */

/* Begin PBXProject section */
		C7BDC46F1E4ADB2C004372DE /* Project object */ = {
			isa = PBXProject;
			attributes = {
				LastSwiftUpdateCheck = 0820;
				LastUpgradeCheck = 0820;
				ORGANIZATIONNAME = TTung;
				TargetAttributes = {
					C7BDC4761E4ADB2C004372DE = {
						CreatedOnToolsVersion = 8.2.1;
						ProvisioningStyle = Automatic;
					};
				};
			};
			buildConfigurationList = C7BDC4721E4ADB2C004372DE /* Build configuration list for PBXProject "mo3.zing" */;
			compatibilityVersion = "Xcode 3.2";
			developmentRegion = English;
			hasScannedForEncodings = 0;
			knownRegions = (
				en,
				Base,
			);
			mainGroup = C7BDC46E1E4ADB2C004372DE;
			productRefGroup = C7BDC4781E4ADB2C004372DE /* Products */;
			projectDirPath = "";
			projectRoot = "";
			targets = (
				C7BDC4761E4ADB2C004372DE /* mo3.zing */,
			);
		};
/* End PBXProject section */

/* Begin PBXResourcesBuildPhase section */
		C7BDC4751E4ADB2C004372DE /* Resources */ = {
			isa = PBXResourcesBuildPhase;
			buildActionMask = 2147483647;
			files = (
				C7BDC4851E4ADB2D004372DE /* LaunchScreen.storyboard in Resources */,
				C7BDC4821E4ADB2D004372DE /* Assets.xcassets in Resources */,
				C7BDC4801E4ADB2D004372DE /* Main.storyboard in Resources */,
			);
			runOnlyForDeploymentPostprocessing = 0;
		};
/* End PBXResourcesBuildPhase section */

/* Begin PBXSourcesBuildPhase section */
		C7BDC4731E4ADB2C004372DE /* Sources */ = {
			isa = PBXSourcesBuildPhase;
			buildActionMask = 2147483647;
			files = (
				C7BDC47D1E4ADB2D004372DE /* ViewController.swift in Sources */,
				C7BDC47B1E4ADB2D004372DE /* AppDelegate.swift in Sources */,
			);
			runOnlyForDeploymentPostprocessing = 0;
		};
/* End PBXSourcesBuildPhase section */

/* Begin PBXVariantGroup section */
		C7BDC47E1E4ADB2D004372DE /* Main.storyboard */ = {
			isa = PBXVariantGroup;
			children = (
				C7BDC47F1E4ADB2D004372DE /* Base */,
			);
			name = Main.storyboard;
			sourceTree = "<group>";
		};
		C7BDC4831E4ADB2D004372DE /* LaunchScreen.storyboard */ = {
			isa = PBXVariantGroup;
			children = (
				C7BDC4841E4ADB2D004372DE /* Base */,
			);
			name = LaunchScreen.storyboard;
			sourceTree = "<group>";
		};
/* End PBXVariantGroup section */

/* Begin XCBuildConfiguration section */
		C7BDC4871E4ADB2D004372DE /* Debug */ = {
			isa = XCBuildConfiguration;
			buildSettings = {
				ALWAYS_SEARCH_USER_PATHS = NO;
				CLANG_ANALYZER_NONNULL = YES;
				CLANG_CXX_LANGUAGE_STANDARD = "gnu++0x";
				CLANG_CXX_LIBRARY = "libc++";
				CLANG_ENABLE_MODULES = YES;
				CLANG_ENABLE_OBJC_ARC = YES;
				CLANG_WARN_BOOL_CONVERSION = YES;
				CLANG_WARN_CONSTANT_CONVERSION = YES;
				CLANG_WARN_DIRECT_OBJC_ISA_USAGE = YES_ERROR;
				CLANG_WARN_DOCUMENTATION_COMMENTS = YES;
				CLANG_WARN_EMPTY_BODY = YES;
				CLANG_WARN_ENUM_CONVERSION = YES;
				CLANG_WARN_INFINITE_RECURSION = YES;
				CLANG_WARN_INT_CONVERSION = YES;
				CLANG_WARN_OBJC_ROOT_CLASS = YES_ERROR;
				CLANG_WARN_SUSPICIOUS_MOVE = YES;
				CLANG_WARN_UNREACHABLE_CODE = YES;
				CLANG_WARN__DUPLICATE_METHOD_MATCH = YES;
				"CODE_SIGN_IDENTITY[sdk=iphoneos*]" = "iPhone Developer";
				COPY_PHASE_STRIP = NO;
				DEBUG_INFORMATION_FORMAT = dwarf;
				ENABLE_STRICT_OBJC_MSGSEND = YES;
				ENABLE_TESTABILITY = YES;
				GCC_C_LANGUAGE_STANDARD = gnu99;
				GCC_DYNAMIC_NO_PIC = NO;
				GCC_NO_COMMON_BLOCKS = YES;
				GCC_OPTIMIZATION_LEVEL = 0;
				GCC_PREPROCESSOR_DEFINITIONS = (
					"DEBUG=1",
					"$(inherited)",
				);
				GCC_WARN_64_TO_32_BIT_CONVERSION = YES;
				GCC_WARN_ABOUT_RETURN_TYPE = YES_ERROR;
				GCC_WARN_UNDECLARED_SELECTOR = YES;
				GCC_WARN_UNINITIALIZED_AUTOS = YES_AGGRESSIVE;
				GCC_WARN_UNUSED_FUNCTION = YES;
				GCC_WARN_UNUSED_VARIABLE = YES;
				IPHONEOS_DEPLOYMENT_TARGET = 10.2;
				MTL_ENABLE_DEBUG_INFO = YES;
				ONLY_ACTIVE_ARCH = YES;
				SDKROOT = iphoneos;
				SWIFT_ACTIVE_COMPILATION_CONDITIONS = DEBUG;
				SWIFT_OPTIMIZATION_LEVEL = "-Onone";
				TARGETED_DEVICE_FAMILY = "1,2";
			};
			name = Debug;
		};
		C7BDC4881E4ADB2D004372DE /* Release */ = {
			isa = XCBuildConfiguration;
			buildSettings = {
				ALWAYS_SEARCH_USER_PATHS = NO;
				CLANG_ANALYZER_NONNULL = YES;
				CLANG_CXX_LANGUAGE_STANDARD = "gnu++0x";
				CLANG_CXX_LIBRARY = "libc++";
				CLANG_ENABLE_MODULES = YES;
				CLANG_ENABLE_OBJC_ARC = YES;
				CLANG_WARN_BOOL_CONVERSION = YES;
				CLANG_WARN_CONSTANT_CONVERSION = YES;
				CLANG_WARN_DIRECT_OBJC_ISA_USAGE = YES_ERROR;
				CLANG_WARN_DOCUMENTATION_COMMENTS = YES;
				CLANG_WARN_EMPTY_BODY = YES;
				CLANG_WARN_ENUM_CONVERSION = YES;
				CLANG_WARN_INFINITE_RECURSION = YES;
				CLANG_WARN_INT_CONVERSION = YES;
				CLANG_WARN_OBJC_ROOT_CLASS = YES_ERROR;
				CLANG_WARN_SUSPICIOUS_MOVE = YES;
				CLANG_WARN_UNREACHABLE_CODE = YES;
				CLANG_WARN__DUPLICATE_METHOD_MATCH = YES;
				"CODE_SIGN_IDENTITY[sdk=iphoneos*]" = "iPhone Developer";
				COPY_PHASE_STRIP = NO;
				DEBUG_INFORMATION_FORMAT = "dwarf-with-dsym";
				ENABLE_NS_ASSERTIONS = NO;
				ENABLE_STRICT_OBJC_MSGSEND = YES;
				GCC_C_LANGUAGE_STANDARD = gnu99;
				GCC_NO_COMMON_BLOCKS = YES;
				GCC_WARN_64_TO_32_BIT_CONVERSION = YES;
				GCC_WARN_ABOUT_RETURN_TYPE = YES_ERROR;
				GCC_WARN_UNDECLARED_SELECTOR = YES;
				GCC_WARN_UNINITIALIZED_AUTOS = YES_AGGRESSIVE;
				GCC_WARN_UNUSED_FUNCTION = YES;
				GCC_WARN_UNUSED_VARIABLE = YES;
				IPHONEOS_DEPLOYMENT_TARGET = 10.2;
				MTL_ENABLE_DEBUG_INFO = NO;
				SDKROOT = iphoneos;
				SWIFT_OPTIMIZATION_LEVEL = "-Owholemodule";
				TARGETED_DEVICE_FAMILY = "1,2";
				VALIDATE_PRODUCT = YES;
			};
			name = Release;
		};
		C7BDC48A1E4ADB2D004372DE /* Debug */ = {
			isa = XCBuildConfiguration;
			buildSettings = {
				ASSETCATALOG_COMPILER_APPICON_NAME = AppIcon;
				INFOPLIST_FILE = mo3.zing/Info.plist;
				LD_RUNPATH_SEARCH_PATHS = "$(inherited) @executable_path/Frameworks";
				PRODUCT_BUNDLE_IDENTIFIER = "vn.edu.ttung.mo3-zing";
				PRODUCT_NAME = "$(TARGET_NAME)";
				SWIFT_VERSION = 3.0;
			};
			name = Debug;
		};
		C7BDC48B1E4ADB2D004372DE /* Release */ = {
			isa = XCBuildConfiguration;
			buildSettings = {
				ASSETCATALOG_COMPILER_APPICON_NAME = AppIcon;
				INFOPLIST_FILE = mo3.zing/Info.plist;
				LD_RUNPATH_SEARCH_PATHS = "$(inherited) @executable_path/Frameworks";
				PRODUCT_BUNDLE_IDENTIFIER = "vn.edu.ttung.mo3-zing";
				PRODUCT_NAME = "$(TARGET_NAME)";
				SWIFT_VERSION = 3.0;
			};
			name = Release;
		};
/* End XCBuildConfiguration section */

/* Begin XCConfigurationList section */
		C7BDC4721E4ADB2C004372DE /* Build configuration list for PBXProject "mo3.zing" */ = {
			isa = XCConfigurationList;
			buildConfigurations = (
				C7BDC4871E4ADB2D004372DE /* Debug */,
				C7BDC4881E4ADB2D004372DE /* Release */,
			);
			defaultConfigurationIsVisible = 0;
			defaultConfigurationName = Release;
		};
		C7BDC4891E4ADB2D004372DE /* Build configuration list for PBXNativeTarget "mo3.zing" */ = {
			isa = XCConfigurationList;
			buildConfigurations = (
				C7BDC48A1E4ADB2D004372DE /* Debug */,
				C7BDC48B1E4ADB2D004372DE /* Release */,
			);
			defaultConfigurationIsVisible = 0;
		};
/* End XCConfigurationList section */
	};
	rootObject = C7BDC46F1E4ADB2C004372DE /* Project object */;
}
